Microsoft Visual Studio Solution File, Format Version 12.00
# Visual Studio Version 17
VisualStudioVersion = 17.5.2.0
MinimumVisualStudioVersion = 10.0.40219.1
Project("{FAE04EC0-301F-11D3-BF4B-00C04F79EFBC}") = "SchoolSysterm", "SchoolSysterm\SchoolSysterm.csproj", "{9DE6A7CC-B7D8-391F-9954-6D6E13B08FD2}"
EndProject
Global
	GlobalSection(SolutionConfigurationPlatforms) = preSolution
		Debug|Any CPU = Debug|Any CPU
		Release|Any CPU = Release|Any CPU
	EndGlobalSection
	GlobalSection(ProjectConfigurationPlatforms) = postSolution
		{9DE6A7CC-B7D8-391F-9954-6D6E13B08FD2}.Debug|Any CPU.ActiveCfg = Debug|Any CPU
		{9DE6A7CC-B7D8-391F-9954-6D6E13B08FD2}.Debug|Any CPU.Build.0 = Debug|Any CPU
		{9DE6A7CC-B7D8-391F-9954-6D6E13B08FD2}.Release|Any CPU.ActiveCfg = Release|Any CPU
		{9DE6A7CC-B7D8-391F-9954-6D6E13B08FD2}.Release|Any CPU.Build.0 = Release|Any CPU
	EndGlobalSection
	GlobalSection(SolutionProperties) = preSolution
		HideSolutionNode = FALSE
	EndGlobalSection
	GlobalSection(ExtensibilityGlobals) = postSolution
		SolutionGuid = {536069D0-419D-4401-808B-6FF6625EDAC0}
	EndGlobalSection
EndGlobal
